{
  "name": "attenuation",
  "version": "0.0.1",
  "lockfileVersion": 2,
  "requires": true,
  "packages": {
    "": {
      "name": "attenuation",
      "version": "0.0.1",
      "license": "GPL-3.0-or-later",
      "devDependencies": {
        "@selfage/tsconfig": "^1.0.7"
      }
    },
    "node_modules/@selfage/tsconfig": {
      "version": "1.0.7",
      "resolved": "https://registry.npmjs.org/@selfage/tsconfig/-/tsconfig-1.0.7.tgz",
      "integrity": "sha512-8qk0kkWMfL/hHiV400QaplaZbMJoArFETxYT+3z/T3BZ5Cx0SeZgKB6N+sledpchZBZzpcGHx9d00+uf+faGfA==",
      "dev": true
    }
  },
  "dependencies": {
    "@selfage/tsconfig": {
      "version": "1.0.7",
      "resolved": "https://registry.npmjs.org/@selfage/tsconfig/-/tsconfig-1.0.7.tgz",
      "integrity": "sha512-8qk0kkWMfL/hHiV400QaplaZbMJoArFETxYT+3z/T3BZ5Cx0SeZgKB6N+sledpchZBZzpcGHx9d00+uf+faGfA==",
      "dev": true
    }
  }
}
